
Microsoft Visual Studio Solution File, Format Version 12.00
# Visual Studio Version 17
VisualStudioVersion = 17.10.35122.118
MinimumVisualStudioVersion = 10.0.40219.1
Project("{FAE04EC0-301F-11D3-BF4B-00C04F79EFBC}") = "R4_PaymentSystem", "R4_PaymentSystem.csproj", "{EC81E1E2-F58A-4719-B11A-EC8DB82AADC9}"
EndProject
Global
	GlobalSection(SolutionConfigurationPlatforms) = preSolution
		Debug|Any CPU = Debug|Any CPU
		Release|Any CPU = Release|Any CPU
	EndGlobalSection
	GlobalSection(ProjectConfigurationPlatforms) = postSolution
		{EC81E1E2-F58A-4719-B11A-EC8DB82AADC9}.Debug|Any CPU.ActiveCfg = Debug|Any CPU
		{EC81E1E2-F58A-4719-B11A-EC8DB82AADC9}.Debug|Any CPU.Build.0 = Debug|Any CPU
		{EC81E1E2-F58A-4719-B11A-EC8DB82AADC9}.Release|Any CPU.ActiveCfg = Release|Any CPU
		{EC81E1E2-F58A-4719-B11A-EC8DB82AADC9}.Release|Any CPU.Build.0 = Release|Any CPU
	EndGlobalSection
	GlobalSection(SolutionProperties) = preSolution
		HideSolutionNode = FALSE
	EndGlobalSection
	GlobalSection(ExtensibilityGlobals) = postSolution
		SolutionGuid = {3F1918C3-BC08-4A99-8D3C-B1B185B332B0}
	EndGlobalSection
EndGlobal
